Microsoft Visual Studio Solution File, Format Version 12.00
# Visual Studio Version 17
VisualStudioVersion = 17.5.2.0
MinimumVisualStudioVersion = 10.0.40219.1
Project("{FAE04EC0-301F-11D3-BF4B-00C04F79EFBC}") = "SnipperSnippetsApi", "SnipperSnippetsApi.csproj", "{31958972-AC13-A7A1-5D01-9A18131F8E1E}"
EndProject
Global
	GlobalSection(SolutionConfigurationPlatforms) = preSolution
		Debug|Any CPU = Debug|Any CPU
		Release|Any CPU = Release|Any CPU
	EndGlobalSection
	GlobalSection(ProjectConfigurationPlatforms) = postSolution
		{31958972-AC13-A7A1-5D01-9A18131F8E1E}.Debug|Any CPU.ActiveCfg = Debug|Any CPU
		{31958972-AC13-A7A1-5D01-9A18131F8E1E}.Debug|Any CPU.Build.0 = Debug|Any CPU
		{31958972-AC13-A7A1-5D01-9A18131F8E1E}.Release|Any CPU.ActiveCfg = Release|Any CPU
		{31958972-AC13-A7A1-5D01-9A18131F8E1E}.Release|Any CPU.Build.0 = Release|Any CPU
	EndGlobalSection
	GlobalSection(SolutionProperties) = preSolution
		HideSolutionNode = FALSE
	EndGlobalSection
	GlobalSection(ExtensibilityGlobals) = postSolution
		SolutionGuid = {8EAFAA39-7AA2-4858-9071-6CA08E0E4FDD}
	EndGlobalSection
EndGlobal
